// !$*UTF8*$!
{
	archiveVersion = 1;
	classes = {
	};
	objectVersion = 56;
	objects = {

/* Begin PBXBuildFile section */
		1D584D8329A0D7AD005B0D8D /* BrightwheelApp.swift in Sources */ = {isa = PBXBuildFile; fileRef = 1D584D8229A0D7AD005B0D8D /* BrightwheelApp.swift */; };
		1D584D8729A0D7AE005B0D8D /* Assets.xcassets in Resources */ = {isa = PBXBuildFile; fileRef = 1D584D8629A0D7AE005B0D8D /* Assets.xcassets */; };
		1D584D8A29A0D7AE005B0D8D /* Preview Assets.xcassets in Resources */ = {isa = PBXBuildFile; fileRef = 1D584D8929A0D7AE005B0D8D /* Preview Assets.xcassets */; };
		1D584D9329A0D83F005B0D8D /* Resolver in Frameworks */ = {isa = PBXBuildFile; productRef = 1D584D9229A0D83F005B0D8D /* Resolver */; };
		1D584D9F29A0D9B9005B0D8D /* TopRepositoriesViewModel.swift in Sources */ = {isa = PBXBuildFile; fileRef = 1D584D9E29A0D9B9005B0D8D /* TopRepositoriesViewModel.swift */; };
		1D584DA129A0D9C6005B0D8D /* TopRepositoriesView.swift in Sources */ = {isa = PBXBuildFile; fileRef = 1D584DA029A0D9C6005B0D8D /* TopRepositoriesView.swift */; };
		1D584DA429A0DA7B005B0D8D /* Repository.swift in Sources */ = {isa = PBXBuildFile; fileRef = 1D584DA329A0DA7B005B0D8D /* Repository.swift */; };
		1D584DAC29A0DC92005B0D8D /* GitHubService.swift in Sources */ = {isa = PBXBuildFile; fileRef = 1D584DAB29A0DC92005B0D8D /* GitHubService.swift */; };
		1D584DAF29A0DD43005B0D8D /* NetworkProvider.swift in Sources */ = {isa = PBXBuildFile; fileRef = 1D584DAE29A0DD43005B0D8D /* NetworkProvider.swift */; };
		1D584DB329A0DDC5005B0D8D /* Providers+Injection.swift in Sources */ = {isa = PBXBuildFile; fileRef = 1D584DB229A0DDC5005B0D8D /* Providers+Injection.swift */; };
		1D584DB529A0DDD8005B0D8D /* Services+Injection.swift in Sources */ = {isa = PBXBuildFile; fileRef = 1D584DB429A0DDD8005B0D8D /* Services+Injection.swift */; };
		1D584DB729A0DE21005B0D8D /* Resolver+Injection.swift in Sources */ = {isa = PBXBuildFile; fileRef = 1D584DB629A0DE21005B0D8D /* Resolver+Injection.swift */; };
		1D584DBB29A0E58D005B0D8D /* NetworkEndpoint.swift in Sources */ = {isa = PBXBuildFile; fileRef = 1D584DBA29A0E58D005B0D8D /* NetworkEndpoint.swift */; };
		1D584DBD29A0E614005B0D8D /* NetworkMethod.swift in Sources */ = {isa = PBXBuildFile; fileRef = 1D584DBC29A0E614005B0D8D /* NetworkMethod.swift */; };
		1D584DBF29A0E737005B0D8D /* NetworkProviderError.swift in Sources */ = {isa = PBXBuildFile; fileRef = 1D584DBE29A0E737005B0D8D /* NetworkProviderError.swift */; };
		1D584DC129A0E78A005B0D8D /* NetworkStatusCode.swift in Sources */ = {isa = PBXBuildFile; fileRef = 1D584DC029A0E78A005B0D8D /* NetworkStatusCode.swift */; };
		1D584DC429A0E7E7005B0D8D /* NetworkingConstants.swift in Sources */ = {isa = PBXBuildFile; fileRef = 1D584DC329A0E7E7005B0D8D /* NetworkingConstants.swift */; };
		1D584DC629A0E92D005B0D8D /* GitHubAPI.swift in Sources */ = {isa = PBXBuildFile; fileRef = 1D584DC529A0E92D005B0D8D /* GitHubAPI.swift */; };
		1D584DD529A1A1FE005B0D8D /* NETRepositoryResponse.swift in Sources */ = {isa = PBXBuildFile; fileRef = 1D584DD429A1A1FE005B0D8D /* NETRepositoryResponse.swift */; };
		1D584DD729A1A6C6005B0D8D /* NETUser.swift in Sources */ = {isa = PBXBuildFile; fileRef = 1D584DD629A1A6C6005B0D8D /* NETUser.swift */; };
/* End PBXBuildFile section */

/* Begin PBXCopyFilesBuildPhase section */
		1D584DB929A0E4E1005B0D8D /* Embed Frameworks */ = {
			isa = PBXCopyFilesBuildPhase;
			buildActionMask = 2147483647;
			dstPath = "";
			dstSubfolderSpec = 10;
			files = (
			);
			name = "Embed Frameworks";
			runOnlyForDeploymentPostprocessing = 0;
		};
/* End PBXCopyFilesBuildPhase section */

/* Begin PBXFileReference section */
		1D584D7F29A0D7AD005B0D8D /* Brightwheel.app */ = {isa = PBXFileReference; explicitFileType = wrapper.application; includeInIndex = 0; path = Brightwheel.app; sourceTree = BUILT_PRODUCTS_DIR; };
		1D584D8229A0D7AD005B0D8D /* BrightwheelApp.swift */ = {isa = PBXFileReference; lastKnownFileType = sourcecode.swift; path = BrightwheelApp.swift; sourceTree = "<group>"; };
		1D584D8629A0D7AE005B0D8D /* Assets.xcassets */ = {isa = PBXFileReference; lastKnownFileType = folder.assetcatalog; path = Assets.xcassets; sourceTree = "<group>"; };
		1D584D8929A0D7AE005B0D8D /* Preview Assets.xcassets */ = {isa = PBXFileReference; lastKnownFileType = folder.assetcatalog; path = "Preview Assets.xcassets"; sourceTree = "<group>"; };
		1D584D9E29A0D9B9005B0D8D /* TopRepositoriesViewModel.swift */ = {isa = PBXFileReference; lastKnownFileType = sourcecode.swift; path = TopRepositoriesViewModel.swift; sourceTree = "<group>"; };
		1D584DA029A0D9C6005B0D8D /* TopRepositoriesView.swift */ = {isa = PBXFileReference; lastKnownFileType = sourcecode.swift; path = TopRepositoriesView.swift; sourceTree = "<group>"; };
		1D584DA329A0DA7B005B0D8D /* Repository.swift */ = {isa = PBXFileReference; lastKnownFileType = sourcecode.swift; path = Repository.swift; sourceTree = "<group>"; };
		1D584DAB29A0DC92005B0D8D /* GitHubService.swift */ = {isa = PBXFileReference; lastKnownFileType = sourcecode.swift; path = GitHubService.swift; sourceTree = "<group>"; };
		1D584DAE29A0DD43005B0D8D /* NetworkProvider.swift */ = {isa = PBXFileReference; lastKnownFileType = sourcecode.swift; path = NetworkProvider.swift; sourceTree = "<group>"; };
		1D584DB229A0DDC5005B0D8D /* Providers+Injection.swift */ = {isa = PBXFileReference; lastKnownFileType = sourcecode.swift; path = "Providers+Injection.swift"; sourceTree = "<group>"; };
		1D584DB429A0DDD8005B0D8D /* Services+Injection.swift */ = {isa = PBXFileReference; lastKnownFileType = sourcecode.swift; path = "Services+Injection.swift"; sourceTree = "<group>"; };
		1D584DB629A0DE21005B0D8D /* Resolver+Injection.swift */ = {isa = PBXFileReference; lastKnownFileType = sourcecode.swift; path = "Resolver+Injection.swift"; sourceTree = "<group>"; };
		1D584DBA29A0E58D005B0D8D /* NetworkEndpoint.swift */ = {isa = PBXFileReference; lastKnownFileType = sourcecode.swift; path = NetworkEndpoint.swift; sourceTree = "<group>"; };
		1D584DBC29A0E614005B0D8D /* NetworkMethod.swift */ = {isa = PBXFileReference; lastKnownFileType = sourcecode.swift; path = NetworkMethod.swift; sourceTree = "<group>"; };
		1D584DBE29A0E737005B0D8D /* NetworkProviderError.swift */ = {isa = PBXFileReference; lastKnownFileType = sourcecode.swift; path = NetworkProviderError.swift; sourceTree = "<group>"; };
		1D584DC029A0E78A005B0D8D /* NetworkStatusCode.swift */ = {isa = PBXFileReference; lastKnownFileType = sourcecode.swift; path = NetworkStatusCode.swift; sourceTree = "<group>"; };
		1D584DC329A0E7E7005B0D8D /* NetworkingConstants.swift */ = {isa = PBXFileReference; lastKnownFileType = sourcecode.swift; path = NetworkingConstants.swift; sourceTree = "<group>"; };
		1D584DC529A0E92D005B0D8D /* GitHubAPI.swift */ = {isa = PBXFileReference; lastKnownFileType = sourcecode.swift; path = GitHubAPI.swift; sourceTree = "<group>"; };
		1D584DD429A1A1FE005B0D8D /* NETRepositoryResponse.swift */ = {isa = PBXFileReference; lastKnownFileType = sourcecode.swift; path = NETRepositoryResponse.swift; sourceTree = "<group>"; };
		1D584DD629A1A6C6005B0D8D /* NETUser.swift */ = {isa = PBXFileReference; lastKnownFileType = sourcecode.swift; path = NETUser.swift; sourceTree = "<group>"; };
/* End PBXFileReference section */

/* Begin PBXFrameworksBuildPhase section */
		1D584D7C29A0D7AD005B0D8D /* Frameworks */ = {
			isa = PBXFrameworksBuildPhase;
			buildActionMask = 2147483647;
			files = (
				1D584D9329A0D83F005B0D8D /* Resolver in Frameworks */,
			);
			runOnlyForDeploymentPostprocessing = 0;
		};
/* End PBXFrameworksBuildPhase section */

/* Begin PBXGroup section */
		1D584D7629A0D7AD005B0D8D = {
			isa = PBXGroup;
			children = (
				1D584D8129A0D7AD005B0D8D /* Brightwheel */,
				1D584D8029A0D7AD005B0D8D /* Products */,
			);
			sourceTree = "<group>";
		};
		1D584D8029A0D7AD005B0D8D /* Products */ = {
			isa = PBXGroup;
			children = (
				1D584D7F29A0D7AD005B0D8D /* Brightwheel.app */,
			);
			name = Products;
			sourceTree = "<group>";
		};
		1D584D8129A0D7AD005B0D8D /* Brightwheel */ = {
			isa = PBXGroup;
			children = (
				1D584D9029A0D7B8005B0D8D /* Application */,
				1D584DAD29A0DCE9005B0D8D /* Models */,
				1D584DA629A0DB0F005B0D8D /* Modules */,
				1D584DA529A0DAD6005B0D8D /* Services */,
				1D584DA829A0DB3A005B0D8D /* Providers */,
				1D584DC229A0E7D7005B0D8D /* Utilities */,
			);
			path = Brightwheel;
			sourceTree = "<group>";
		};
		1D584D8829A0D7AE005B0D8D /* Preview Content */ = {
			isa = PBXGroup;
			children = (
				1D584D8929A0D7AE005B0D8D /* Preview Assets.xcassets */,
			);
			path = "Preview Content";
			sourceTree = "<group>";
		};
		1D584D9029A0D7B8005B0D8D /* Application */ = {
			isa = PBXGroup;
			children = (
				1D584D8229A0D7AD005B0D8D /* BrightwheelApp.swift */,
				1D584D9A29A0D919005B0D8D /* DependencyInjection */,
				1D584D8629A0D7AE005B0D8D /* Assets.xcassets */,
				1D584D8829A0D7AE005B0D8D /* Preview Content */,
			);
			path = Application;
			sourceTree = "<group>";
		};
		1D584D9A29A0D919005B0D8D /* DependencyInjection */ = {
			isa = PBXGroup;
			children = (
				1D584DB629A0DE21005B0D8D /* Resolver+Injection.swift */,
				1D584DB229A0DDC5005B0D8D /* Providers+Injection.swift */,
				1D584DB429A0DDD8005B0D8D /* Services+Injection.swift */,
			);
			path = DependencyInjection;
			sourceTree = "<group>";
		};
		1D584D9B29A0D973005B0D8D /* TopRepositories */ = {
			isa = PBXGroup;
			children = (
				1D584DA029A0D9C6005B0D8D /* TopRepositoriesView.swift */,
				1D584D9E29A0D9B9005B0D8D /* TopRepositoriesViewModel.swift */,
			);
			path = TopRepositories;
			sourceTree = "<group>";
		};
		1D584DA529A0DAD6005B0D8D /* Services */ = {
			isa = PBXGroup;
			children = (
				1D584DD129A19FB7005B0D8D /* NetworkModels */,
				1D584DAA29A0DBC2005B0D8D /* GitHubService */,
			);
			path = Services;
			sourceTree = "<group>";
		};
		1D584DA629A0DB0F005B0D8D /* Modules */ = {
			isa = PBXGroup;
			children = (
				1D584D9B29A0D973005B0D8D /* TopRepositories */,
			);
			path = Modules;
			sourceTree = "<group>";
		};
		1D584DA829A0DB3A005B0D8D /* Providers */ = {
			isa = PBXGroup;
			children = (
				1D584DA929A0DB55005B0D8D /* NetworkProvider */,
			);
			path = Providers;
			sourceTree = "<group>";
		};
		1D584DA929A0DB55005B0D8D /* NetworkProvider */ = {
			isa = PBXGroup;
			children = (
				1D584DAE29A0DD43005B0D8D /* NetworkProvider.swift */,
				1D584DBA29A0E58D005B0D8D /* NetworkEndpoint.swift */,
				1D584DBC29A0E614005B0D8D /* NetworkMethod.swift */,
				1D584DBE29A0E737005B0D8D /* NetworkProviderError.swift */,
				1D584DC029A0E78A005B0D8D /* NetworkStatusCode.swift */,
			);
			path = NetworkProvider;
			sourceTree = "<group>";
		};
		1D584DAA29A0DBC2005B0D8D /* GitHubService */ = {
			isa = PBXGroup;
			children = (
				1D584DAB29A0DC92005B0D8D /* GitHubService.swift */,
				1D584DC529A0E92D005B0D8D /* GitHubAPI.swift */,
			);
			path = GitHubService;
			sourceTree = "<group>";
		};
		1D584DAD29A0DCE9005B0D8D /* Models */ = {
			isa = PBXGroup;
			children = (
				1D584DA329A0DA7B005B0D8D /* Repository.swift */,
			);
			path = Models;
			sourceTree = "<group>";
		};
		1D584DC229A0E7D7005B0D8D /* Utilities */ = {
			isa = PBXGroup;
			children = (
				1D584DC329A0E7E7005B0D8D /* NetworkingConstants.swift */,
			);
			path = Utilities;
			sourceTree = "<group>";
		};
		1D584DD129A19FB7005B0D8D /* NetworkModels */ = {
			isa = PBXGroup;
			children = (
				1D584DD429A1A1FE005B0D8D /* NETRepositoryResponse.swift */,
				1D584DD629A1A6C6005B0D8D /* NETUser.swift */,
			);
			path = NetworkModels;
			sourceTree = "<group>";
		};
/* End PBXGroup section */

/* Begin PBXNativeTarget section */
		1D584D7E29A0D7AD005B0D8D /* Brightwheel */ = {
			isa = PBXNativeTarget;
			buildConfigurationList = 1D584D8D29A0D7AE005B0D8D /* Build configuration list for PBXNativeTarget "Brightwheel" */;
			buildPhases = (
				1D584D7B29A0D7AD005B0D8D /* Sources */,
				1D584D7C29A0D7AD005B0D8D /* Frameworks */,
				1D584D7D29A0D7AD005B0D8D /* Resources */,
				1D584DB929A0E4E1005B0D8D /* Embed Frameworks */,
			);
			buildRules = (
			);
			dependencies = (
			);
			name = Brightwheel;
			packageProductDependencies = (
				1D584D9229A0D83F005B0D8D /* Resolver */,
			);
			productName = Brightwheel;
			productReference = 1D584D7F29A0D7AD005B0D8D /* Brightwheel.app */;
			productType = "com.apple.product-type.application";
		};
/* End PBXNativeTarget section */

/* Begin PBXProject section */
		1D584D7729A0D7AD005B0D8D /* Project object */ = {
			isa = PBXProject;
			attributes = {
				BuildIndependentTargetsInParallel = 1;
				LastSwiftUpdateCheck = 1420;
				LastUpgradeCheck = 1420;
				TargetAttributes = {
					1D584D7E29A0D7AD005B0D8D = {
						CreatedOnToolsVersion = 14.2;
					};
				};
			};
			buildConfigurationList = 1D584D7A29A0D7AD005B0D8D /* Build configuration list for PBXProject "Brightwheel" */;
			compatibilityVersion = "Xcode 14.0";
			developmentRegion = en;
			hasScannedForEncodings = 0;
			knownRegions = (
				en,
				Base,
			);
			mainGroup = 1D584D7629A0D7AD005B0D8D;
			packageReferences = (
				1D584D9129A0D83F005B0D8D /* XCRemoteSwiftPackageReference "Resolver" */,
			);
			productRefGroup = 1D584D8029A0D7AD005B0D8D /* Products */;
			projectDirPath = "";
			projectRoot = "";
			targets = (
				1D584D7E29A0D7AD005B0D8D /* Brightwheel */,
			);
		};
/* End PBXProject section */

/* Begin PBXResourcesBuildPhase section */
		1D584D7D29A0D7AD005B0D8D /* Resources */ = {
			isa = PBXResourcesBuildPhase;
			buildActionMask = 2147483647;
			files = (
				1D584D8A29A0D7AE005B0D8D /* Preview Assets.xcassets in Resources */,
				1D584D8729A0D7AE005B0D8D /* Assets.xcassets in Resources */,
			);
			runOnlyForDeploymentPostprocessing = 0;
		};
/* End PBXResourcesBuildPhase section */

/* Begin PBXSourcesBuildPhase section */
		1D584D7B29A0D7AD005B0D8D /* Sources */ = {
			isa = PBXSourcesBuildPhase;
			buildActionMask = 2147483647;
			files = (
				1D584DB329A0DDC5005B0D8D /* Providers+Injection.swift in Sources */,
				1D584DBF29A0E737005B0D8D /* NetworkProviderError.swift in Sources */,
				1D584DBD29A0E614005B0D8D /* NetworkMethod.swift in Sources */,
				1D584DAF29A0DD43005B0D8D /* NetworkProvider.swift in Sources */,
				1D584D8329A0D7AD005B0D8D /* BrightwheelApp.swift in Sources */,
				1D584DD529A1A1FE005B0D8D /* NETRepositoryResponse.swift in Sources */,
				1D584DB529A0DDD8005B0D8D /* Services+Injection.swift in Sources */,
				1D584DC629A0E92D005B0D8D /* GitHubAPI.swift in Sources */,
				1D584DA429A0DA7B005B0D8D /* Repository.swift in Sources */,
				1D584DA129A0D9C6005B0D8D /* TopRepositoriesView.swift in Sources */,
				1D584DAC29A0DC92005B0D8D /* GitHubService.swift in Sources */,
				1D584DBB29A0E58D005B0D8D /* NetworkEndpoint.swift in Sources */,
				1D584DC429A0E7E7005B0D8D /* NetworkingConstants.swift in Sources */,
				1D584D9F29A0D9B9005B0D8D /* TopRepositoriesViewModel.swift in Sources */,
				1D584DD729A1A6C6005B0D8D /* NETUser.swift in Sources */,
				1D584DB729A0DE21005B0D8D /* Resolver+Injection.swift in Sources */,
				1D584DC129A0E78A005B0D8D /* NetworkStatusCode.swift in Sources */,
			);
			runOnlyForDeploymentPostprocessing = 0;
		};
/* End PBXSourcesBuildPhase section */

/* Begin XCBuildConfiguration section */
		1D584D8B29A0D7AE005B0D8D /* Debug */ = {
			isa = XCBuildConfiguration;
			buildSettings = {
				ALWAYS_SEARCH_USER_PATHS = NO;
				CLANG_ANALYZER_NONNULL = YES;
				CLANG_ANALYZER_NUMBER_OBJECT_CONVERSION = YES_AGGRESSIVE;
				CLANG_CXX_LANGUAGE_STANDARD = "gnu++20";
				CLANG_ENABLE_MODULES = YES;
				CLANG_ENABLE_OBJC_ARC = YES;
				CLANG_ENABLE_OBJC_WEAK = YES;
				CLANG_WARN_BLOCK_CAPTURE_AUTORELEASING = YES;
				CLANG_WARN_BOOL_CONVERSION = YES;
				CLANG_WARN_COMMA = YES;
				CLANG_WARN_CONSTANT_CONVERSION = YES;
				CLANG_WARN_DEPRECATED_OBJC_IMPLEMENTATIONS = YES;
				CLANG_WARN_DIRECT_OBJC_ISA_USAGE = YES_ERROR;
				CLANG_WARN_DOCUMENTATION_COMMENTS = YES;
				CLANG_WARN_EMPTY_BODY = YES;
				CLANG_WARN_ENUM_CONVERSION = YES;
				CLANG_WARN_INFINITE_RECURSION = YES;
				CLANG_WARN_INT_CONVERSION = YES;
				CLANG_WARN_NON_LITERAL_NULL_CONVERSION = YES;
				CLANG_WARN_OBJC_IMPLICIT_RETAIN_SELF = YES;
				CLANG_WARN_OBJC_LITERAL_CONVERSION = YES;
				CLANG_WARN_OBJC_ROOT_CLASS = YES_ERROR;
				CLANG_WARN_QUOTED_INCLUDE_IN_FRAMEWORK_HEADER = YES;
				CLANG_WARN_RANGE_LOOP_ANALYSIS = YES;
				CLANG_WARN_STRICT_PROTOTYPES = YES;
				CLANG_WARN_SUSPICIOUS_MOVE = YES;
				CLANG_WARN_UNGUARDED_AVAILABILITY = YES_AGGRESSIVE;
				CLANG_WARN_UNREACHABLE_CODE = YES;
				CLANG_WARN__DUPLICATE_METHOD_MATCH = YES;
				COPY_PHASE_STRIP = NO;
				DEBUG_INFORMATION_FORMAT = dwarf;
				ENABLE_STRICT_OBJC_MSGSEND = YES;
				ENABLE_TESTABILITY = YES;
				GCC_C_LANGUAGE_STANDARD = gnu11;
				GCC_DYNAMIC_NO_PIC = NO;
				GCC_NO_COMMON_BLOCKS = YES;
				GCC_OPTIMIZATION_LEVEL = 0;
				GCC_PREPROCESSOR_DEFINITIONS = (
					"DEBUG=1",
					"$(inherited)",
				);
				GCC_WARN_64_TO_32_BIT_CONVERSION = YES;
				GCC_WARN_ABOUT_RETURN_TYPE = YES_ERROR;
				GCC_WARN_UNDECLARED_SELECTOR = YES;
				GCC_WARN_UNINITIALIZED_AUTOS = YES_AGGRESSIVE;
				GCC_WARN_UNUSED_FUNCTION = YES;
				GCC_WARN_UNUSED_VARIABLE = YES;
				IPHONEOS_DEPLOYMENT_TARGET = 16.2;
				MTL_ENABLE_DEBUG_INFO = INCLUDE_SOURCE;
				MTL_FAST_MATH = YES;
				ONLY_ACTIVE_ARCH = YES;
				SDKROOT = iphoneos;
				SWIFT_ACTIVE_COMPILATION_CONDITIONS = DEBUG;
				SWIFT_OPTIMIZATION_LEVEL = "-Onone";
			};
			name = Debug;
		};
		1D584D8C29A0D7AE005B0D8D /* Release */ = {
			isa = XCBuildConfiguration;
			buildSettings = {
				ALWAYS_SEARCH_USER_PATHS = NO;
				CLANG_ANALYZER_NONNULL = YES;
				CLANG_ANALYZER_NUMBER_OBJECT_CONVERSION = YES_AGGRESSIVE;
				CLANG_CXX_LANGUAGE_STANDARD = "gnu++20";
				CLANG_ENABLE_MODULES = YES;
				CLANG_ENABLE_OBJC_ARC = YES;
				CLANG_ENABLE_OBJC_WEAK = YES;
				CLANG_WARN_BLOCK_CAPTURE_AUTORELEASING = YES;
				CLANG_WARN_BOOL_CONVERSION = YES;
				CLANG_WARN_COMMA = YES;
				CLANG_WARN_CONSTANT_CONVERSION = YES;
				CLANG_WARN_DEPRECATED_OBJC_IMPLEMENTATIONS = YES;
				CLANG_WARN_DIRECT_OBJC_ISA_USAGE = YES_ERROR;
				CLANG_WARN_DOCUMENTATION_COMMENTS = YES;
				CLANG_WARN_EMPTY_BODY = YES;
				CLANG_WARN_ENUM_CONVERSION = YES;
				CLANG_WARN_INFINITE_RECURSION = YES;
				CLANG_WARN_INT_CONVERSION = YES;
				CLANG_WARN_NON_LITERAL_NULL_CONVERSION = YES;
				CLANG_WARN_OBJC_IMPLICIT_RETAIN_SELF = YES;
				CLANG_WARN_OBJC_LITERAL_CONVERSION = YES;
				CLANG_WARN_OBJC_ROOT_CLASS = YES_ERROR;
				CLANG_WARN_QUOTED_INCLUDE_IN_FRAMEWORK_HEADER = YES;
				CLANG_WARN_RANGE_LOOP_ANALYSIS = YES;
				CLANG_WARN_STRICT_PROTOTYPES = YES;
				CLANG_WARN_SUSPICIOUS_MOVE = YES;
				CLANG_WARN_UNGUARDED_AVAILABILITY = YES_AGGRESSIVE;
				CLANG_WARN_UNREACHABLE_CODE = YES;
				CLANG_WARN__DUPLICATE_METHOD_MATCH = YES;
				COPY_PHASE_STRIP = NO;
				DEBUG_INFORMATION_FORMAT = "dwarf-with-dsym";
				ENABLE_NS_ASSERTIONS = NO;
				ENABLE_STRICT_OBJC_MSGSEND = YES;
				GCC_C_LANGUAGE_STANDARD = gnu11;
				GCC_NO_COMMON_BLOCKS = YES;
				GCC_WARN_64_TO_32_BIT_CONVERSION = YES;
				GCC_WARN_ABOUT_RETURN_TYPE = YES_ERROR;
				GCC_WARN_UNDECLARED_SELECTOR = YES;
				GCC_WARN_UNINITIALIZED_AUTOS = YES_AGGRESSIVE;
				GCC_WARN_UNUSED_FUNCTION = YES;
				GCC_WARN_UNUSED_VARIABLE = YES;
				IPHONEOS_DEPLOYMENT_TARGET = 16.2;
				MTL_ENABLE_DEBUG_INFO = NO;
				MTL_FAST_MATH = YES;
				SDKROOT = iphoneos;
				SWIFT_COMPILATION_MODE = wholemodule;
				SWIFT_OPTIMIZATION_LEVEL = "-O";
				VALIDATE_PRODUCT = YES;
			};
			name = Release;
		};
		1D584D8E29A0D7AE005B0D8D /* Debug */ = {
			isa = XCBuildConfiguration;
			buildSettings = {
				ASSETCATALOG_COMPILER_APPICON_NAME = AppIcon;
				ASSETCATALOG_COMPILER_GLOBAL_ACCENT_COLOR_NAME = AccentColor;
				CODE_SIGN_STYLE = Automatic;
				CURRENT_PROJECT_VERSION = 1;
				DEVELOPMENT_ASSET_PATHS = "\"Brightwheel/Application/Preview Content\"";
				DEVELOPMENT_TEAM = DD8W27MCU7;
				ENABLE_PREVIEWS = YES;
				GENERATE_INFOPLIST_FILE = YES;
				INFOPLIST_KEY_UIApplicationSceneManifest_Generation = YES;
				INFOPLIST_KEY_UIApplicationSupportsIndirectInputEvents = YES;
				INFOPLIST_KEY_UILaunchScreen_Generation = YES;
				INFOPLIST_KEY_UISupportedInterfaceOrientations_iPad = "UIInterfaceOrientationPortrait UIInterfaceOrientationPortraitUpsideDown UIInterfaceOrientationLandscapeLeft UIInterfaceOrientationLandscapeRight";
				INFOPLIST_KEY_UISupportedInterfaceOrientations_iPhone = "UIInterfaceOrientationPortrait UIInterfaceOrientationLandscapeLeft UIInterfaceOrientationLandscapeRight";
				LD_RUNPATH_SEARCH_PATHS = (
					"$(inherited)",
					"@executable_path/Frameworks",
				);
				MARKETING_VERSION = 1.0;
				PRODUCT_BUNDLE_IDENTIFIER = com.smejkalp.Brightwheel;
				PRODUCT_NAME = "$(TARGET_NAME)";
				SWIFT_EMIT_LOC_STRINGS = YES;
				SWIFT_VERSION = 5.0;
				TARGETED_DEVICE_FAMILY = "1,2";
			};
			name = Debug;
		};
		1D584D8F29A0D7AE005B0D8D /* Release */ = {
			isa = XCBuildConfiguration;
			buildSettings = {
				ASSETCATALOG_COMPILER_APPICON_NAME = AppIcon;
				ASSETCATALOG_COMPILER_GLOBAL_ACCENT_COLOR_NAME = AccentColor;
				CODE_SIGN_STYLE = Automatic;
				CURRENT_PROJECT_VERSION = 1;
				DEVELOPMENT_ASSET_PATHS = "\"Brightwheel/Application/Preview Content\"";
				DEVELOPMENT_TEAM = DD8W27MCU7;
				ENABLE_PREVIEWS = YES;
				GENERATE_INFOPLIST_FILE = YES;
				INFOPLIST_KEY_UIApplicationSceneManifest_Generation = YES;
				INFOPLIST_KEY_UIApplicationSupportsIndirectInputEvents = YES;
				INFOPLIST_KEY_UILaunchScreen_Generation = YES;
				INFOPLIST_KEY_UISupportedInterfaceOrientations_iPad = "UIInterfaceOrientationPortrait UIInterfaceOrientationPortraitUpsideDown UIInterfaceOrientationLandscapeLeft UIInterfaceOrientationLandscapeRight";
				INFOPLIST_KEY_UISupportedInterfaceOrientations_iPhone = "UIInterfaceOrientationPortrait UIInterfaceOrientationLandscapeLeft UIInterfaceOrientationLandscapeRight";
				LD_RUNPATH_SEARCH_PATHS = (
					"$(inherited)",
					"@executable_path/Frameworks",
				);
				MARKETING_VERSION = 1.0;
				PRODUCT_BUNDLE_IDENTIFIER = com.smejkalp.Brightwheel;
				PRODUCT_NAME = "$(TARGET_NAME)";
				SWIFT_EMIT_LOC_STRINGS = YES;
				SWIFT_VERSION = 5.0;
				TARGETED_DEVICE_FAMILY = "1,2";
			};
			name = Release;
		};
/* End XCBuildConfiguration section */

/* Begin XCConfigurationList section */
		1D584D7A29A0D7AD005B0D8D /* Build configuration list for PBXProject "Brightwheel" */ = {
			isa = XCConfigurationList;
			buildConfigurations = (
				1D584D8B29A0D7AE005B0D8D /* Debug */,
				1D584D8C29A0D7AE005B0D8D /* Release */,
			);
			defaultConfigurationIsVisible = 0;
			defaultConfigurationName = Release;
		};
		1D584D8D29A0D7AE005B0D8D /* Build configuration list for PBXNativeTarget "Brightwheel" */ = {
			isa = XCConfigurationList;
			buildConfigurations = (
				1D584D8E29A0D7AE005B0D8D /* Debug */,
				1D584D8F29A0D7AE005B0D8D /* Release */,
			);
			defaultConfigurationIsVisible = 0;
			defaultConfigurationName = Release;
		};
/* End XCConfigurationList section */

/* Begin XCRemoteSwiftPackageReference section */
		1D584D9129A0D83F005B0D8D /* XCRemoteSwiftPackageReference "Resolver" */ = {
			isa = XCRemoteSwiftPackageReference;
			repositoryURL = "https://github.com/hmlongco/Resolver";
			requirement = {
				kind = upToNextMajorVersion;
				minimumVersion = 1.0.0;
			};
		};
/* End XCRemoteSwiftPackageReference section */

/* Begin XCSwiftPackageProductDependency section */
		1D584D9229A0D83F005B0D8D /* Resolver */ = {
			isa = XCSwiftPackageProductDependency;
			package = 1D584D9129A0D83F005B0D8D /* XCRemoteSwiftPackageReference "Resolver" */;
			productName = Resolver;
		};
/* End XCSwiftPackageProductDependency section */
	};
	rootObject = 1D584D7729A0D7AD005B0D8D /* Project object */;
}
